{
    "name": "stub",
    "version": "0.0.1",
    "lockfileVersion": 1,
    "requires": true,
    "dependencies": {
        "diff-so-fancy": {
            "version": "1.2.7",
            "resolved": "https://registry.npmjs.org/diff-so-fancy/-/diff-so-fancy-1.2.7.tgz",
            "integrity": "sha512-ViY4UdNs5IRfVl/5wS/XuYrggZr9K607OyYzVhayW9Z4X19/WGd9F8vIBA3ANA57Ot4UAq23UraTQXOPouOM3Q=="
        }
    }
}
