{
    "name": "stub",
    "version": "0.0.1",
    "lockfileVersion": 2,
    "requires": true,
    "packages": {
        "": {
            "name": "stub",
            "version": "0.0.1",
            "license": "MIT",
            "dependencies": {
                "diff-so-fancy": "^1.3.0"
            }
        },
        "node_modules/diff-so-fancy": {
            "version": "1.3.0",
            "resolved": "https://registry.npmjs.org/diff-so-fancy/-/diff-so-fancy-1.3.0.tgz",
            "integrity": "sha512-YV7XUOmtFiWqjh+HmW0Xve7LY1KoE2pbByyyGt9KkqGjdbjlAy4DIGr6J4NqTBuYRfpu8f6mNrir5Myj9iJ85w==",
            "bin": {
                "diff-so-fancy": "diff-so-fancy"
            }
        }
    },
    "dependencies": {
        "diff-so-fancy": {
            "version": "1.3.0",
            "resolved": "https://registry.npmjs.org/diff-so-fancy/-/diff-so-fancy-1.3.0.tgz",
            "integrity": "sha512-YV7XUOmtFiWqjh+HmW0Xve7LY1KoE2pbByyyGt9KkqGjdbjlAy4DIGr6J4NqTBuYRfpu8f6mNrir5Myj9iJ85w=="
        }
    }
}
