{
    "name": "stub",
    "version": "0.0.1",
    "lockfileVersion": 1,
    "requires": true,
    "dependencies": {
        "json5": {
            "version": "2.1.2",
            "resolved": "https://registry.npmjs.org/json5/-/json5-2.1.2.tgz",
            "integrity": "sha512-MoUOQ4WdiN3yxhm7NEVJSJrieAo5hNSLQ5sj05OTRHPL9HOBy8u4Bu88jsC1jvqAdN+E1bJmsUcZH+1HQxliqQ==",
            "requires": {
                "minimist": "^1.2.5"
            }
        },
        "minimist": {
            "version": "1.2.5",
            "resolved": "https://registry.npmjs.org/minimist/-/minimist-1.2.5.tgz",
            "integrity": "sha512-FM9nNUYrRBAELZQT3xeZQ7fmMOBg6nWNmJKTcgsJeaLstP/UODVpGsr5OhXhhXg6f+qtJ8uiZ+PUxkDWcgIXLw=="
        }
    }
}
